
Microsoft Visual Studio Solution File, Format Version 12.00
# Visual Studio Version 16
VisualStudioVersion = 16.0.30011.22
MinimumVisualStudioVersion = 10.0.40219.1
Project("{9A19103F-16F7-4668-BE54-9A1E7A4F7556}") = "SrtManipulator", "SrtManipulator\SrtManipulator.csproj", "{14660EAD-71AE-4B8D-9C42-285CD74C49A6}"
EndProject
Project("{9A19103F-16F7-4668-BE54-9A1E7A4F7556}") = "Reader", "Reader\Reader.csproj", "{BC5DE86E-6251-4DEF-898B-ED749590CF5B}"
EndProject
Project("{9A19103F-16F7-4668-BE54-9A1E7A4F7556}") = "Writer", "Writer\Writer.csproj", "{6B4A3B7C-9469-4C16-B2A7-7B25667E1991}"
EndProject
Project("{FAE04EC0-301F-11D3-BF4B-00C04F79EFBC}") = "WriterTests", "WriterTests\WriterTests.csproj", "{E35787F8-5D60-4C26-A2F1-ED97B07E10E2}"
EndProject
Project("{FAE04EC0-301F-11D3-BF4B-00C04F79EFBC}") = "ReaderTests", "ReaderTests\ReaderTests.csproj", "{4EB907B6-C859-43BC-A4FD-7FBF663FD58B}"
EndProject
Project("{FAE04EC0-301F-11D3-BF4B-00C04F79EFBC}") = "DataDomain", "DataDomain\DataDomain.csproj", "{C1CD3F7E-0CD0-4C3F-B289-18F15E076619}"
EndProject
Project("{FAE04EC0-301F-11D3-BF4B-00C04F79EFBC}") = "FileSystem", "FileSystem\FileSystem.csproj", "{B4F7BEA9-1CE8-4350-9777-B699AD38EA9E}"
EndProject
Project("{FAE04EC0-301F-11D3-BF4B-00C04F79EFBC}") = "FileSystemTests", "FileSystemTests\FileSystemTests.csproj", "{8CB302C1-F0FC-45CE-8779-409BE8CADEFA}"
EndProject
Global
	GlobalSection(SolutionConfigurationPlatforms) = preSolution
		Debug|Any CPU = Debug|Any CPU
		Release|Any CPU = Release|Any CPU
	EndGlobalSection
	GlobalSection(ProjectConfigurationPlatforms) = postSolution
		{14660EAD-71AE-4B8D-9C42-285CD74C49A6}.Debug|Any CPU.ActiveCfg = Debug|Any CPU
		{14660EAD-71AE-4B8D-9C42-285CD74C49A6}.Debug|Any CPU.Build.0 = Debug|Any CPU
		{14660EAD-71AE-4B8D-9C42-285CD74C49A6}.Release|Any CPU.ActiveCfg = Release|Any CPU
		{14660EAD-71AE-4B8D-9C42-285CD74C49A6}.Release|Any CPU.Build.0 = Release|Any CPU
		{BC5DE86E-6251-4DEF-898B-ED749590CF5B}.Debug|Any CPU.ActiveCfg = Debug|Any CPU
		{BC5DE86E-6251-4DEF-898B-ED749590CF5B}.Debug|Any CPU.Build.0 = Debug|Any CPU
		{BC5DE86E-6251-4DEF-898B-ED749590CF5B}.Release|Any CPU.ActiveCfg = Release|Any CPU
		{BC5DE86E-6251-4DEF-898B-ED749590CF5B}.Release|Any CPU.Build.0 = Release|Any CPU
		{6B4A3B7C-9469-4C16-B2A7-7B25667E1991}.Debug|Any CPU.ActiveCfg = Debug|Any CPU
		{6B4A3B7C-9469-4C16-B2A7-7B25667E1991}.Debug|Any CPU.Build.0 = Debug|Any CPU
		{6B4A3B7C-9469-4C16-B2A7-7B25667E1991}.Release|Any CPU.ActiveCfg = Release|Any CPU
		{6B4A3B7C-9469-4C16-B2A7-7B25667E1991}.Release|Any CPU.Build.0 = Release|Any CPU
		{E35787F8-5D60-4C26-A2F1-ED97B07E10E2}.Debug|Any CPU.ActiveCfg = Debug|Any CPU
		{E35787F8-5D60-4C26-A2F1-ED97B07E10E2}.Debug|Any CPU.Build.0 = Debug|Any CPU
		{E35787F8-5D60-4C26-A2F1-ED97B07E10E2}.Release|Any CPU.ActiveCfg = Release|Any CPU
		{E35787F8-5D60-4C26-A2F1-ED97B07E10E2}.Release|Any CPU.Build.0 = Release|Any CPU
		{4EB907B6-C859-43BC-A4FD-7FBF663FD58B}.Debug|Any CPU.ActiveCfg = Debug|Any CPU
		{4EB907B6-C859-43BC-A4FD-7FBF663FD58B}.Debug|Any CPU.Build.0 = Debug|Any CPU
		{4EB907B6-C859-43BC-A4FD-7FBF663FD58B}.Release|Any CPU.ActiveCfg = Release|Any CPU
		{4EB907B6-C859-43BC-A4FD-7FBF663FD58B}.Release|Any CPU.Build.0 = Release|Any CPU
		{C1CD3F7E-0CD0-4C3F-B289-18F15E076619}.Debug|Any CPU.ActiveCfg = Debug|Any CPU
		{C1CD3F7E-0CD0-4C3F-B289-18F15E076619}.Debug|Any CPU.Build.0 = Debug|Any CPU
		{C1CD3F7E-0CD0-4C3F-B289-18F15E076619}.Release|Any CPU.ActiveCfg = Release|Any CPU
		{C1CD3F7E-0CD0-4C3F-B289-18F15E076619}.Release|Any CPU.Build.0 = Release|Any CPU
		{B4F7BEA9-1CE8-4350-9777-B699AD38EA9E}.Debug|Any CPU.ActiveCfg = Debug|Any CPU
		{B4F7BEA9-1CE8-4350-9777-B699AD38EA9E}.Debug|Any CPU.Build.0 = Debug|Any CPU
		{B4F7BEA9-1CE8-4350-9777-B699AD38EA9E}.Release|Any CPU.ActiveCfg = Release|Any CPU
		{B4F7BEA9-1CE8-4350-9777-B699AD38EA9E}.Release|Any CPU.Build.0 = Release|Any CPU
		{8CB302C1-F0FC-45CE-8779-409BE8CADEFA}.Debug|Any CPU.ActiveCfg = Debug|Any CPU
		{8CB302C1-F0FC-45CE-8779-409BE8CADEFA}.Debug|Any CPU.Build.0 = Debug|Any CPU
		{8CB302C1-F0FC-45CE-8779-409BE8CADEFA}.Release|Any CPU.ActiveCfg = Release|Any CPU
		{8CB302C1-F0FC-45CE-8779-409BE8CADEFA}.Release|Any CPU.Build.0 = Release|Any CPU
	EndGlobalSection
	GlobalSection(SolutionProperties) = preSolution
		HideSolutionNode = FALSE
	EndGlobalSection
	GlobalSection(ExtensibilityGlobals) = postSolution
		SolutionGuid = {82C42F44-20E3-4198-AF65-6B76D5FF30E6}
	EndGlobalSection
EndGlobal
